
Microsoft Visual Studio Solution File, Format Version 12.00
# Visual Studio 15
VisualStudioVersion = 15.0.27130.2027
MinimumVisualStudioVersion = 10.0.40219.1
Project("{FAE04EC0-301F-11D3-BF4B-00C04F79EFBC}") = "MainProgram", "MainProgram\MainProgram.csproj", "{F4593F98-C04F-4812-A081-05A15787EE54}"
EndProject
Project("{FAE04EC0-301F-11D3-BF4B-00C04F79EFBC}") = "SolvingSystemOfLAE", "SolvingSystemOfLAE\SolvingSystemOfLAE.csproj", "{D3EBC2BB-9F83-4018-88CD-3088346D44A4}"
EndProject
Project("{FAE04EC0-301F-11D3-BF4B-00C04F79EFBC}") = "TestOfSolvingSystemOfLAE", "TestOfSolvingSystemOfLAE\TestOfSolvingSystemOfLAE.csproj", "{A481849E-18A6-4F62-87AC-5CB7E82A9ADC}"
EndProject
Global
	GlobalSection(SolutionConfigurationPlatforms) = preSolution
		Debug|Any CPU = Debug|Any CPU
		Release|Any CPU = Release|Any CPU
	EndGlobalSection
	GlobalSection(ProjectConfigurationPlatforms) = postSolution
		{F4593F98-C04F-4812-A081-05A15787EE54}.Debug|Any CPU.ActiveCfg = Debug|Any CPU
		{F4593F98-C04F-4812-A081-05A15787EE54}.Debug|Any CPU.Build.0 = Debug|Any CPU
		{F4593F98-C04F-4812-A081-05A15787EE54}.Release|Any CPU.ActiveCfg = Release|Any CPU
		{F4593F98-C04F-4812-A081-05A15787EE54}.Release|Any CPU.Build.0 = Release|Any CPU
		{D3EBC2BB-9F83-4018-88CD-3088346D44A4}.Debug|Any CPU.ActiveCfg = Debug|Any CPU
		{D3EBC2BB-9F83-4018-88CD-3088346D44A4}.Debug|Any CPU.Build.0 = Debug|Any CPU
		{D3EBC2BB-9F83-4018-88CD-3088346D44A4}.Release|Any CPU.ActiveCfg = Release|Any CPU
		{D3EBC2BB-9F83-4018-88CD-3088346D44A4}.Release|Any CPU.Build.0 = Release|Any CPU
		{A481849E-18A6-4F62-87AC-5CB7E82A9ADC}.Debug|Any CPU.ActiveCfg = Debug|Any CPU
		{A481849E-18A6-4F62-87AC-5CB7E82A9ADC}.Debug|Any CPU.Build.0 = Debug|Any CPU
		{A481849E-18A6-4F62-87AC-5CB7E82A9ADC}.Release|Any CPU.ActiveCfg = Release|Any CPU
		{A481849E-18A6-4F62-87AC-5CB7E82A9ADC}.Release|Any CPU.Build.0 = Release|Any CPU
	EndGlobalSection
	GlobalSection(SolutionProperties) = preSolution
		HideSolutionNode = FALSE
	EndGlobalSection
	GlobalSection(ExtensibilityGlobals) = postSolution
		SolutionGuid = {B66A39E4-738B-4D8A-87C1-2200DDEB2BEB}
	EndGlobalSection
EndGlobal
