
Microsoft Visual Studio Solution File, Format Version 12.00
# Visual Studio 15
VisualStudioVersion = 15.0.27130.2027
MinimumVisualStudioVersion = 10.0.40219.1
Project("{FAE04EC0-301F-11D3-BF4B-00C04F79EFBC}") = "DrawingFunctionsInterpolation", "DrawingFunctionsInterpolation\DrawingFunctionsInterpolation.csproj", "{447CA7F9-A020-4E92-8569-1535C6020A19}"
EndProject
Project("{FAE04EC0-301F-11D3-BF4B-00C04F79EFBC}") = "InterpolationByNewtonAndGaussMethod", "InterpolationByNewtonAndGaussMethod\InterpolationByNewtonAndGaussMethod.csproj", "{7974FD27-77E5-4C34-B6B7-93ECE3112DA0}"
EndProject
Global
	GlobalSection(SolutionConfigurationPlatforms) = preSolution
		Debug|Any CPU = Debug|Any CPU
		Release|Any CPU = Release|Any CPU
	EndGlobalSection
	GlobalSection(ProjectConfigurationPlatforms) = postSolution
		{447CA7F9-A020-4E92-8569-1535C6020A19}.Debug|Any CPU.ActiveCfg = Debug|Any CPU
		{447CA7F9-A020-4E92-8569-1535C6020A19}.Debug|Any CPU.Build.0 = Debug|Any CPU
		{447CA7F9-A020-4E92-8569-1535C6020A19}.Release|Any CPU.ActiveCfg = Release|Any CPU
		{447CA7F9-A020-4E92-8569-1535C6020A19}.Release|Any CPU.Build.0 = Release|Any CPU
		{7974FD27-77E5-4C34-B6B7-93ECE3112DA0}.Debug|Any CPU.ActiveCfg = Debug|Any CPU
		{7974FD27-77E5-4C34-B6B7-93ECE3112DA0}.Debug|Any CPU.Build.0 = Debug|Any CPU
		{7974FD27-77E5-4C34-B6B7-93ECE3112DA0}.Release|Any CPU.ActiveCfg = Release|Any CPU
		{7974FD27-77E5-4C34-B6B7-93ECE3112DA0}.Release|Any CPU.Build.0 = Release|Any CPU
	EndGlobalSection
	GlobalSection(SolutionProperties) = preSolution
		HideSolutionNode = FALSE
	EndGlobalSection
	GlobalSection(ExtensibilityGlobals) = postSolution
		SolutionGuid = {2D2D6F64-2356-407A-B101-14D212FE5F25}
	EndGlobalSection
EndGlobal
