
Microsoft Visual Studio Solution File, Format Version 12.00
# Visual Studio 15
VisualStudioVersion = 15.0.27130.2027
MinimumVisualStudioVersion = 10.0.40219.1
Project("{FAE04EC0-301F-11D3-BF4B-00C04F79EFBC}") = "DijkstrasAlgorithmInThreads", "DijkstrasAlgorithmInThreads\DijkstrasAlgorithmInThreads.csproj", "{6E930CE2-4B8E-428D-A07A-7A93836E47FE}"
EndProject
Project("{FAE04EC0-301F-11D3-BF4B-00C04F79EFBC}") = "MainProgram", "MainProgram\MainProgram.csproj", "{1B35E3FD-16BB-4455-AAEF-A053831EC16B}"
EndProject
Project("{FAE04EC0-301F-11D3-BF4B-00C04F79EFBC}") = "TestDijkstrasAlgorithmInThreads", "TestDijkstrasAlgorithmInThreads\TestDijkstrasAlgorithmInThreads.csproj", "{5DE327DB-8EE1-4DBA-95CA-E79D94451377}"
EndProject
Global
	GlobalSection(SolutionConfigurationPlatforms) = preSolution
		Debug|Any CPU = Debug|Any CPU
		Release|Any CPU = Release|Any CPU
	EndGlobalSection
	GlobalSection(ProjectConfigurationPlatforms) = postSolution
		{6E930CE2-4B8E-428D-A07A-7A93836E47FE}.Debug|Any CPU.ActiveCfg = Debug|Any CPU
		{6E930CE2-4B8E-428D-A07A-7A93836E47FE}.Debug|Any CPU.Build.0 = Debug|Any CPU
		{6E930CE2-4B8E-428D-A07A-7A93836E47FE}.Release|Any CPU.ActiveCfg = Release|Any CPU
		{6E930CE2-4B8E-428D-A07A-7A93836E47FE}.Release|Any CPU.Build.0 = Release|Any CPU
		{1B35E3FD-16BB-4455-AAEF-A053831EC16B}.Debug|Any CPU.ActiveCfg = Debug|Any CPU
		{1B35E3FD-16BB-4455-AAEF-A053831EC16B}.Debug|Any CPU.Build.0 = Debug|Any CPU
		{1B35E3FD-16BB-4455-AAEF-A053831EC16B}.Release|Any CPU.ActiveCfg = Release|Any CPU
		{1B35E3FD-16BB-4455-AAEF-A053831EC16B}.Release|Any CPU.Build.0 = Release|Any CPU
		{5DE327DB-8EE1-4DBA-95CA-E79D94451377}.Debug|Any CPU.ActiveCfg = Debug|Any CPU
		{5DE327DB-8EE1-4DBA-95CA-E79D94451377}.Debug|Any CPU.Build.0 = Debug|Any CPU
		{5DE327DB-8EE1-4DBA-95CA-E79D94451377}.Release|Any CPU.ActiveCfg = Release|Any CPU
		{5DE327DB-8EE1-4DBA-95CA-E79D94451377}.Release|Any CPU.Build.0 = Release|Any CPU
	EndGlobalSection
	GlobalSection(SolutionProperties) = preSolution
		HideSolutionNode = FALSE
	EndGlobalSection
	GlobalSection(ExtensibilityGlobals) = postSolution
		SolutionGuid = {98E415A7-0FAF-4CE0-AAE3-F27206654897}
	EndGlobalSection
EndGlobal
