
Microsoft Visual Studio Solution File, Format Version 12.00
# Visual Studio 15
VisualStudioVersion = 15.0.27130.2027
MinimumVisualStudioVersion = 10.0.40219.1
Project("{FAE04EC0-301F-11D3-BF4B-00C04F79EFBC}") = "MultiplicationMatrixInThread", "MultiplicationMatrixInThread\MultiplicationMatrixInThread.csproj", "{DE51B4F6-B19D-4501-B197-E8ACB7A23158}"
EndProject
Project("{FAE04EC0-301F-11D3-BF4B-00C04F79EFBC}") = "MainProgram", "MainProgram\MainProgram.csproj", "{CAAC73AB-A57A-412B-BDE8-FDEC7A2926AD}"
EndProject
Project("{FAE04EC0-301F-11D3-BF4B-00C04F79EFBC}") = "TestOfMultiplicationMatrixInThread", "TestOfMultiplicationMatrixInThread\TestOfMultiplicationMatrixInThread.csproj", "{90CEE80C-297D-41A1-A326-673518041445}"
EndProject
Global
	GlobalSection(SolutionConfigurationPlatforms) = preSolution
		Debug|Any CPU = Debug|Any CPU
		Release|Any CPU = Release|Any CPU
	EndGlobalSection
	GlobalSection(ProjectConfigurationPlatforms) = postSolution
		{DE51B4F6-B19D-4501-B197-E8ACB7A23158}.Debug|Any CPU.ActiveCfg = Debug|Any CPU
		{DE51B4F6-B19D-4501-B197-E8ACB7A23158}.Debug|Any CPU.Build.0 = Debug|Any CPU
		{DE51B4F6-B19D-4501-B197-E8ACB7A23158}.Release|Any CPU.ActiveCfg = Release|Any CPU
		{DE51B4F6-B19D-4501-B197-E8ACB7A23158}.Release|Any CPU.Build.0 = Release|Any CPU
		{CAAC73AB-A57A-412B-BDE8-FDEC7A2926AD}.Debug|Any CPU.ActiveCfg = Debug|Any CPU
		{CAAC73AB-A57A-412B-BDE8-FDEC7A2926AD}.Debug|Any CPU.Build.0 = Debug|Any CPU
		{CAAC73AB-A57A-412B-BDE8-FDEC7A2926AD}.Release|Any CPU.ActiveCfg = Release|Any CPU
		{CAAC73AB-A57A-412B-BDE8-FDEC7A2926AD}.Release|Any CPU.Build.0 = Release|Any CPU
		{90CEE80C-297D-41A1-A326-673518041445}.Debug|Any CPU.ActiveCfg = Debug|Any CPU
		{90CEE80C-297D-41A1-A326-673518041445}.Debug|Any CPU.Build.0 = Debug|Any CPU
		{90CEE80C-297D-41A1-A326-673518041445}.Release|Any CPU.ActiveCfg = Release|Any CPU
		{90CEE80C-297D-41A1-A326-673518041445}.Release|Any CPU.Build.0 = Release|Any CPU
	EndGlobalSection
	GlobalSection(SolutionProperties) = preSolution
		HideSolutionNode = FALSE
	EndGlobalSection
	GlobalSection(ExtensibilityGlobals) = postSolution
		SolutionGuid = {22AA10F0-AEE9-4659-9A94-CA413F0D7975}
	EndGlobalSection
EndGlobal
