
Microsoft Visual Studio Solution File, Format Version 12.00
# Visual Studio 15
VisualStudioVersion = 15.0.27130.2027
MinimumVisualStudioVersion = 10.0.40219.1
Project("{FAE04EC0-301F-11D3-BF4B-00C04F79EFBC}") = "NumericalIntegration", "NumericalIntegration\NumericalIntegration.csproj", "{0A95F4F7-88DB-49A3-9E21-1BD59DF147E4}"
EndProject
Project("{FAE04EC0-301F-11D3-BF4B-00C04F79EFBC}") = "DrawingNumericalIntegration", "DrawingNumericalIntegration\DrawingNumericalIntegration.csproj", "{B4E99A52-7F03-47D2-B4B6-8EFE5EE6B7AB}"
EndProject
Global
	GlobalSection(SolutionConfigurationPlatforms) = preSolution
		Debug|Any CPU = Debug|Any CPU
		Release|Any CPU = Release|Any CPU
	EndGlobalSection
	GlobalSection(ProjectConfigurationPlatforms) = postSolution
		{0A95F4F7-88DB-49A3-9E21-1BD59DF147E4}.Debug|Any CPU.ActiveCfg = Debug|Any CPU
		{0A95F4F7-88DB-49A3-9E21-1BD59DF147E4}.Debug|Any CPU.Build.0 = Debug|Any CPU
		{0A95F4F7-88DB-49A3-9E21-1BD59DF147E4}.Release|Any CPU.ActiveCfg = Release|Any CPU
		{0A95F4F7-88DB-49A3-9E21-1BD59DF147E4}.Release|Any CPU.Build.0 = Release|Any CPU
		{B4E99A52-7F03-47D2-B4B6-8EFE5EE6B7AB}.Debug|Any CPU.ActiveCfg = Debug|Any CPU
		{B4E99A52-7F03-47D2-B4B6-8EFE5EE6B7AB}.Debug|Any CPU.Build.0 = Debug|Any CPU
		{B4E99A52-7F03-47D2-B4B6-8EFE5EE6B7AB}.Release|Any CPU.ActiveCfg = Release|Any CPU
		{B4E99A52-7F03-47D2-B4B6-8EFE5EE6B7AB}.Release|Any CPU.Build.0 = Release|Any CPU
	EndGlobalSection
	GlobalSection(SolutionProperties) = preSolution
		HideSolutionNode = FALSE
	EndGlobalSection
	GlobalSection(ExtensibilityGlobals) = postSolution
		SolutionGuid = {071863A6-CF0B-4428-9B41-752FAA132C81}
	EndGlobalSection
EndGlobal
